{
	"name": "@acryps/mail",
	"version": "1.0.2",
	"lockfileVersion": 2,
	"requires": true,
	"packages": {
		"": {
			"name": "@acryps/mail",
			"version": "1.0.2",
			"license": "GPL-3.0-only",
			"dependencies": {
				"@acryps/language": "^0.0.1",
				"nodemailer": "^6.9.3"
			},
			"devDependencies": {
				"@types/node": "^18.11.15"
			}
		},
		"node_modules/@acryps/language": {
			"version": "0.0.1",
			"resolved": "https://registry.npmjs.org/@acryps/language/-/language-0.0.1.tgz",
			"integrity": "sha512-SdUXYwE34XF2nt4wFysO6WKgtHxj0wfZ9rJf7aBWSC+zNM0ZZYAqEziHyT50FzUvRjn4+ZnXSR4lB2t64YvIOA=="
		},
		"node_modules/@types/node": {
			"version": "18.11.15",
			"resolved": "https://registry.npmjs.org/@types/node/-/node-18.11.15.tgz",
			"integrity": "sha512-VkhBbVo2+2oozlkdHXLrb3zjsRkpdnaU2bXmX8Wgle3PUi569eLRaHGlgETQHR7lLL1w7GiG3h9SnePhxNDecw==",
			"dev": true
		},
		"node_modules/nodemailer": {
			"version": "6.9.3",
			"resolved": "https://registry.npmjs.org/nodemailer/-/nodemailer-6.9.3.tgz",
			"integrity": "sha512-fy9v3NgTzBngrMFkDsKEj0r02U7jm6XfC3b52eoNV+GCrGj+s8pt5OqhiJdWKuw51zCTdiNR/IUD1z33LIIGpg==",
			"engines": {
				"node": ">=6.0.0"
			}
		}
	},
	"dependencies": {
		"@acryps/language": {
			"version": "0.0.1",
			"resolved": "https://registry.npmjs.org/@acryps/language/-/language-0.0.1.tgz",
			"integrity": "sha512-SdUXYwE34XF2nt4wFysO6WKgtHxj0wfZ9rJf7aBWSC+zNM0ZZYAqEziHyT50FzUvRjn4+ZnXSR4lB2t64YvIOA=="
		},
		"@types/node": {
			"version": "18.11.15",
			"resolved": "https://registry.npmjs.org/@types/node/-/node-18.11.15.tgz",
			"integrity": "sha512-VkhBbVo2+2oozlkdHXLrb3zjsRkpdnaU2bXmX8Wgle3PUi569eLRaHGlgETQHR7lLL1w7GiG3h9SnePhxNDecw==",
			"dev": true
		},
		"nodemailer": {
			"version": "6.9.3",
			"resolved": "https://registry.npmjs.org/nodemailer/-/nodemailer-6.9.3.tgz",
			"integrity": "sha512-fy9v3NgTzBngrMFkDsKEj0r02U7jm6XfC3b52eoNV+GCrGj+s8pt5OqhiJdWKuw51zCTdiNR/IUD1z33LIIGpg=="
		}
	}
}
